// !$*UTF8*$!
{
	archiveVersion = 1;
	classes = {
	};
	objectVersion = 46;
	objects = {

/* Begin PBXBuildFile section */
		2C02E3A1189AE78100C9341B /* ForecastChooserViewController.m in Sources */ = {isa = PBXBuildFile; fileRef = 2C02E3A0189AE78100C9341B /* ForecastChooserViewController.m */; };
		2C09BCF5189BBC2800207794 /* WeatherForecastViewController.m in Sources */ = {isa = PBXBuildFile; fileRef = 2C09BCF4189BBC2800207794 /* WeatherForecastViewController.m */; };
		2C3CE486189E5F1B00A66A79 /* ForecastParser.m in Sources */ = {isa = PBXBuildFile; fileRef = 2C3CE485189E5F1B00A66A79 /* ForecastParser.m */; };
		2C3CE489189E5F9000A66A79 /* ExplicitParser.m in Sources */ = {isa = PBXBuildFile; fileRef = 2C3CE488189E5F9000A66A79 /* ExplicitParser.m */; };
		2C3CE48C189E5FD700A66A79 /* LikeParser.m in Sources */ = {isa = PBXBuildFile; fileRef = 2C3CE48B189E5FD700A66A79 /* LikeParser.m */; };
		2C498CCF18928EFF00868DA9 /* WeatherPagesViewController.m in Sources */ = {isa = PBXBuildFile; fileRef = 2C498CCE18928EFF00868DA9 /* WeatherPagesViewController.m */; };
		2C498CD21892975E00868DA9 /* PageContentDataSource.m in Sources */ = {isa = PBXBuildFile; fileRef = 2C498CD11892975E00868DA9 /* PageContentDataSource.m */; };
		2C54086F1893E0E400B7E383 /* WeatherViewController.m in Sources */ = {isa = PBXBuildFile; fileRef = 2C54086E1893E0E400B7E383 /* WeatherViewController.m */; };
		2C5408751894163900B7E383 /* CoreDataObservedCityHelper.m in Sources */ = {isa = PBXBuildFile; fileRef = 2C5408741894163900B7E383 /* CoreDataObservedCityHelper.m */; };
		2C5408791894170700B7E383 /* ObservedCity.m in Sources */ = {isa = PBXBuildFile; fileRef = 2C5408781894170700B7E383 /* ObservedCity.m */; };
		2C54087C189450D500B7E383 /* Weather.m in Sources */ = {isa = PBXBuildFile; fileRef = 2C54087B189450D500B7E383 /* Weather.m */; };
		2C54087F189450E700B7E383 /* WeatherConditions.m in Sources */ = {isa = PBXBuildFile; fileRef = 2C54087E189450E700B7E383 /* WeatherConditions.m */; };
		2C540882189450FC00B7E383 /* Wind.m in Sources */ = {isa = PBXBuildFile; fileRef = 2C540881189450FC00B7E383 /* Wind.m */; };
		2C5408871894651900B7E383 /* CoreDataWeatherHelper.m in Sources */ = {isa = PBXBuildFile; fileRef = 2C5408861894651900B7E383 /* CoreDataWeatherHelper.m */; };
		2C6B4B7D189839E900676EBE /* YourLocalizationViewController.m in Sources */ = {isa = PBXBuildFile; fileRef = 2C6B4B7C189839E900676EBE /* YourLocalizationViewController.m */; };
		2C6B4B7F18983A2E00676EBE /* CoreLocation.framework in Frameworks */ = {isa = PBXBuildFile; fileRef = 2C6B4B7E18983A2E00676EBE /* CoreLocation.framework */; };
		2C6B4B8118985BF400676EBE /* Weather-day-images.plist in Resources */ = {isa = PBXBuildFile; fileRef = 2C6B4B8018985BF400676EBE /* Weather-day-images.plist */; };
		2C6B4B8318985CFF00676EBE /* Weather-night-images.plist in Resources */ = {isa = PBXBuildFile; fileRef = 2C6B4B8218985CFF00676EBE /* Weather-night-images.plist */; };
		2C6CDE9A189C1BA700B0CA81 /* Forecast.m in Sources */ = {isa = PBXBuildFile; fileRef = 2C6CDE99189C1BA700B0CA81 /* Forecast.m */; };
		2C6CDE9D189C1DBA00B0CA81 /* CoreDataForecastHelper.m in Sources */ = {isa = PBXBuildFile; fileRef = 2C6CDE9C189C1DBA00B0CA81 /* CoreDataForecastHelper.m */; };
		2C7FEDA01896AC9900E4F508 /* ObservedCityChooserViewController.m in Sources */ = {isa = PBXBuildFile; fileRef = 2C7FED9F1896AC9900E4F508 /* ObservedCityChooserViewController.m */; };
		2C7FEDA51896B30B00E4F508 /* WeatherConnectionHelper.m in Sources */ = {isa = PBXBuildFile; fileRef = 2C7FEDA41896B30B00E4F508 /* WeatherConnectionHelper.m */; };
		2C7FEDA81896CDEC00E4F508 /* Weather&Time.ttf in Resources */ = {isa = PBXBuildFile; fileRef = 2C7FEDA61896C7EF00E4F508 /* Weather&Time.ttf */; };
		2C7FEDAB1896DBB400E4F508 /* ColorSelector.m in Sources */ = {isa = PBXBuildFile; fileRef = 2C7FEDAA1896DBB400E4F508 /* ColorSelector.m */; };
		2C894BAF1895286E006F2AD2 /* SunInfo.m in Sources */ = {isa = PBXBuildFile; fileRef = 2C894BAE1895286D006F2AD2 /* SunInfo.m */; };
		2C894BB21895424F006F2AD2 /* CoreDataSunInfoHelper.m in Sources */ = {isa = PBXBuildFile; fileRef = 2C894BB11895424F006F2AD2 /* CoreDataSunInfoHelper.m */; };
		2C894BB518954915006F2AD2 /* CoreDataWeatherConditions.m in Sources */ = {isa = PBXBuildFile; fileRef = 2C894BB418954915006F2AD2 /* CoreDataWeatherConditions.m */; };
		2C894BB818954B7A006F2AD2 /* CoreDataWindHelper.m in Sources */ = {isa = PBXBuildFile; fileRef = 2C894BB718954B7A006F2AD2 /* CoreDataWindHelper.m */; };
		2C894BBE189591F5006F2AD2 /* SWRevealViewController.m in Sources */ = {isa = PBXBuildFile; fileRef = 2C894BBD189591F5006F2AD2 /* SWRevealViewController.m */; };
		2C894BC11895920D006F2AD2 /* reveal-icon.png in Resources */ = {isa = PBXBuildFile; fileRef = 2C894BBF1895920D006F2AD2 /* reveal-icon.png */; };
		2C894BC21895920D006F2AD2 /* reveal-icon@2x.png in Resources */ = {isa = PBXBuildFile; fileRef = 2C894BC01895920D006F2AD2 /* reveal-icon@2x.png */; };
		2C894BC51895A00A006F2AD2 /* MenuViewController.m in Sources */ = {isa = PBXBuildFile; fileRef = 2C894BC41895A00A006F2AD2 /* MenuViewController.m */; };
		2CA20AEA1891D1D400EC3151 /* Foundation.framework in Frameworks */ = {isa = PBXBuildFile; fileRef = 2CA20AE91891D1D400EC3151 /* Foundation.framework */; };
		2CA20AEC1891D1D400EC3151 /* CoreGraphics.framework in Frameworks */ = {isa = PBXBuildFile; fileRef = 2CA20AEB1891D1D400EC3151 /* CoreGraphics.framework */; };
		2CA20AEE1891D1D400EC3151 /* UIKit.framework in Frameworks */ = {isa = PBXBuildFile; fileRef = 2CA20AED1891D1D400EC3151 /* UIKit.framework */; };
		2CA20AF01891D1D400EC3151 /* CoreData.framework in Frameworks */ = {isa = PBXBuildFile; fileRef = 2CA20AEF1891D1D400EC3151 /* CoreData.framework */; };
		2CA20AF61891D1D400EC3151 /* InfoPlist.strings in Resources */ = {isa = PBXBuildFile; fileRef = 2CA20AF41891D1D400EC3151 /* InfoPlist.strings */; };
		2CA20AF81891D1D400EC3151 /* main.m in Sources */ = {isa = PBXBuildFile; fileRef = 2CA20AF71891D1D400EC3151 /* main.m */; };
		2CA20AFC1891D1D400EC3151 /* AppDelegate.m in Sources */ = {isa = PBXBuildFile; fileRef = 2CA20AFB1891D1D400EC3151 /* AppDelegate.m */; };
		2CA20AFF1891D1D400EC3151 /* Weather.xcdatamodeld in Sources */ = {isa = PBXBuildFile; fileRef = 2CA20AFD1891D1D400EC3151 /* Weather.xcdatamodeld */; };
		2CA20B011891D1D400EC3151 /* Images.xcassets in Resources */ = {isa = PBXBuildFile; fileRef = 2CA20B001891D1D400EC3151 /* Images.xcassets */; };
		2CA20B081891D1D400EC3151 /* XCTest.framework in Frameworks */ = {isa = PBXBuildFile; fileRef = 2CA20B071891D1D400EC3151 /* XCTest.framework */; };
		2CA20B091891D1D400EC3151 /* Foundation.framework in Frameworks */ = {isa = PBXBuildFile; fileRef = 2CA20AE91891D1D400EC3151 /* Foundation.framework */; };
		2CA20B0A1891D1D400EC3151 /* UIKit.framework in Frameworks */ = {isa = PBXBuildFile; fileRef = 2CA20AED1891D1D400EC3151 /* UIKit.framework */; };
		2CA20B0B1891D1D400EC3151 /* CoreData.framework in Frameworks */ = {isa = PBXBuildFile; fileRef = 2CA20AEF1891D1D400EC3151 /* CoreData.framework */; };
		2CA20B131891D1D400EC3151 /* InfoPlist.strings in Resources */ = {isa = PBXBuildFile; fileRef = 2CA20B111891D1D400EC3151 /* InfoPlist.strings */; };
		2CA20B151891D1D400EC3151 /* WeatherTests.m in Sources */ = {isa = PBXBuildFile; fileRef = 2CA20B141891D1D400EC3151 /* WeatherTests.m */; };
		2CA20B1F1891D21200EC3151 /* Storyboard.storyboard in Resources */ = {isa = PBXBuildFile; fileRef = 2CA20B1E1891D21200EC3151 /* Storyboard.storyboard */; };
		2CC99BA71895B239002B014C /* UIColorPastelFactory.m in Sources */ = {isa = PBXBuildFile; fileRef = 2CC99BA61895B239002B014C /* UIColorPastelFactory.m */; };
/* End PBXBuildFile section */

/* Begin PBXContainerItemProxy section */
		2CA20B0C1891D1D400EC3151 /* PBXContainerItemProxy */ = {
			isa = PBXContainerItemProxy;
			containerPortal = 2CA20ADE1891D1D300EC3151 /* Project object */;
			proxyType = 1;
			remoteGlobalIDString = 2CA20AE51891D1D300EC3151;
			remoteInfo = Weather;
		};
/* End PBXContainerItemProxy section */

/* Begin PBXFileReference section */
		2C02E39F189AE78100C9341B /* ForecastChooserViewController.h */ = {isa = PBXFileReference; fileEncoding = 4; lastKnownFileType = sourcecode.c.h; path = ForecastChooserViewController.h; sourceTree = "<group>"; };
		2C02E3A0189AE78100C9341B /* ForecastChooserViewController.m */ = {isa = PBXFileReference; fileEncoding = 4; lastKnownFileType = sourcecode.c.objc; path = ForecastChooserViewController.m; sourceTree = "<group>"; };
		2C09BCF3189BBC2800207794 /* WeatherForecastViewController.h */ = {isa = PBXFileReference; fileEncoding = 4; lastKnownFileType = sourcecode.c.h; path = WeatherForecastViewController.h; sourceTree = "<group>"; };
		2C09BCF4189BBC2800207794 /* WeatherForecastViewController.m */ = {isa = PBXFileReference; fileEncoding = 4; lastKnownFileType = sourcecode.c.objc; path = WeatherForecastViewController.m; sourceTree = "<group>"; };
		2C3CE482189E5EAB00A66A79 /* ResponseParser.h */ = {isa = PBXFileReference; lastKnownFileType = sourcecode.c.h; path = ResponseParser.h; sourceTree = "<group>"; };
		2C3CE484189E5F1B00A66A79 /* ForecastParser.h */ = {isa = PBXFileReference; fileEncoding = 4; lastKnownFileType = sourcecode.c.h; path = ForecastParser.h; sourceTree = "<group>"; };
		2C3CE485189E5F1B00A66A79 /* ForecastParser.m */ = {isa = PBXFileReference; fileEncoding = 4; lastKnownFileType = sourcecode.c.objc; path = ForecastParser.m; sourceTree = "<group>"; };
		2C3CE487189E5F9000A66A79 /* ExplicitParser.h */ = {isa = PBXFileReference; fileEncoding = 4; lastKnownFileType = sourcecode.c.h; path = ExplicitParser.h; sourceTree = "<group>"; };
		2C3CE488189E5F9000A66A79 /* ExplicitParser.m */ = {isa = PBXFileReference; fileEncoding = 4; lastKnownFileType = sourcecode.c.objc; path = ExplicitParser.m; sourceTree = "<group>"; };
		2C3CE48A189E5FD700A66A79 /* LikeParser.h */ = {isa = PBXFileReference; fileEncoding = 4; lastKnownFileType = sourcecode.c.h; path = LikeParser.h; sourceTree = "<group>"; };
		2C3CE48B189E5FD700A66A79 /* LikeParser.m */ = {isa = PBXFileReference; fileEncoding = 4; lastKnownFileType = sourcecode.c.objc; path = LikeParser.m; sourceTree = "<group>"; };
		2C498CCD18928EFF00868DA9 /* WeatherPagesViewController.h */ = {isa = PBXFileReference; fileEncoding = 4; lastKnownFileType = sourcecode.c.h; path = WeatherPagesViewController.h; sourceTree = "<group>"; };
		2C498CCE18928EFF00868DA9 /* WeatherPagesViewController.m */ = {isa = PBXFileReference; fileEncoding = 4; lastKnownFileType = sourcecode.c.objc; path = WeatherPagesViewController.m; sourceTree = "<group>"; };
		2C498CD01892975E00868DA9 /* PageContentDataSource.h */ = {isa = PBXFileReference; fileEncoding = 4; lastKnownFileType = sourcecode.c.h; path = PageContentDataSource.h; sourceTree = "<group>"; };
		2C498CD11892975E00868DA9 /* PageContentDataSource.m */ = {isa = PBXFileReference; fileEncoding = 4; lastKnownFileType = sourcecode.c.objc; path = PageContentDataSource.m; sourceTree = "<group>"; };
		2C54086D1893E0E400B7E383 /* WeatherViewController.h */ = {isa = PBXFileReference; fileEncoding = 4; lastKnownFileType = sourcecode.c.h; path = WeatherViewController.h; sourceTree = "<group>"; };
		2C54086E1893E0E400B7E383 /* WeatherViewController.m */ = {isa = PBXFileReference; fileEncoding = 4; lastKnownFileType = sourcecode.c.objc; path = WeatherViewController.m; sourceTree = "<group>"; };
		2C5408731894163900B7E383 /* CoreDataObservedCityHelper.h */ = {isa = PBXFileReference; fileEncoding = 4; lastKnownFileType = sourcecode.c.h; path = CoreDataObservedCityHelper.h; sourceTree = "<group>"; };
		2C5408741894163900B7E383 /* CoreDataObservedCityHelper.m */ = {isa = PBXFileReference; fileEncoding = 4; lastKnownFileType = sourcecode.c.objc; path = CoreDataObservedCityHelper.m; sourceTree = "<group>"; };
		2C5408771894170700B7E383 /* ObservedCity.h */ = {isa = PBXFileReference; fileEncoding = 4; lastKnownFileType = sourcecode.c.h; path = ObservedCity.h; sourceTree = "<group>"; };
		2C5408781894170700B7E383 /* ObservedCity.m */ = {isa = PBXFileReference; fileEncoding = 4; lastKnownFileType = sourcecode.c.objc; path = ObservedCity.m; sourceTree = "<group>"; };
		2C54087A189450D500B7E383 /* Weather.h */ = {isa = PBXFileReference; fileEncoding = 4; lastKnownFileType = sourcecode.c.h; path = Weather.h; sourceTree = "<group>"; };
		2C54087B189450D500B7E383 /* Weather.m */ = {isa = PBXFileReference; fileEncoding = 4; lastKnownFileType = sourcecode.c.objc; path = Weather.m; sourceTree = "<group>"; };
		2C54087D189450E700B7E383 /* WeatherConditions.h */ = {isa = PBXFileReference; fileEncoding = 4; lastKnownFileType = sourcecode.c.h; path = WeatherConditions.h; sourceTree = "<group>"; };
		2C54087E189450E700B7E383 /* WeatherConditions.m */ = {isa = PBXFileReference; fileEncoding = 4; lastKnownFileType = sourcecode.c.objc; path = WeatherConditions.m; sourceTree = "<group>"; };
		2C540880189450FC00B7E383 /* Wind.h */ = {isa = PBXFileReference; fileEncoding = 4; lastKnownFileType = sourcecode.c.h; path = Wind.h; sourceTree = "<group>"; };
		2C540881189450FC00B7E383 /* Wind.m */ = {isa = PBXFileReference; fileEncoding = 4; lastKnownFileType = sourcecode.c.objc; path = Wind.m; sourceTree = "<group>"; };
		2C5408851894651900B7E383 /* CoreDataWeatherHelper.h */ = {isa = PBXFileReference; fileEncoding = 4; lastKnownFileType = sourcecode.c.h; path = CoreDataWeatherHelper.h; sourceTree = "<group>"; };
		2C5408861894651900B7E383 /* CoreDataWeatherHelper.m */ = {isa = PBXFileReference; fileEncoding = 4; lastKnownFileType = sourcecode.c.objc; path = CoreDataWeatherHelper.m; sourceTree = "<group>"; };
		2C6B4B7B189839E900676EBE /* YourLocalizationViewController.h */ = {isa = PBXFileReference; fileEncoding = 4; lastKnownFileType = sourcecode.c.h; path = YourLocalizationViewController.h; sourceTree = "<group>"; };
		2C6B4B7C189839E900676EBE /* YourLocalizationViewController.m */ = {isa = PBXFileReference; fileEncoding = 4; lastKnownFileType = sourcecode.c.objc; path = YourLocalizationViewController.m; sourceTree = "<group>"; };
		2C6B4B7E18983A2E00676EBE /* CoreLocation.framework */ = {isa = PBXFileReference; lastKnownFileType = wrapper.framework; name = CoreLocation.framework; path = System/Library/Frameworks/CoreLocation.framework; sourceTree = SDKROOT; };
		2C6B4B8018985BF400676EBE /* Weather-day-images.plist */ = {isa = PBXFileReference; fileEncoding = 4; lastKnownFileType = text.plist.xml; path = "Weather-day-images.plist"; sourceTree = "<group>"; };
		2C6B4B8218985CFF00676EBE /* Weather-night-images.plist */ = {isa = PBXFileReference; fileEncoding = 4; lastKnownFileType = text.plist.xml; path = "Weather-night-images.plist"; sourceTree = "<group>"; };
		2C6CDE98189C1BA700B0CA81 /* Forecast.h */ = {isa = PBXFileReference; fileEncoding = 4; lastKnownFileType = sourcecode.c.h; path = Forecast.h; sourceTree = "<group>"; };
		2C6CDE99189C1BA700B0CA81 /* Forecast.m */ = {isa = PBXFileReference; fileEncoding = 4; lastKnownFileType = sourcecode.c.objc; path = Forecast.m; sourceTree = "<group>"; };
		2C6CDE9B189C1DBA00B0CA81 /* CoreDataForecastHelper.h */ = {isa = PBXFileReference; fileEncoding = 4; lastKnownFileType = sourcecode.c.h; path = CoreDataForecastHelper.h; sourceTree = "<group>"; };
		2C6CDE9C189C1DBA00B0CA81 /* CoreDataForecastHelper.m */ = {isa = PBXFileReference; fileEncoding = 4; lastKnownFileType = sourcecode.c.objc; path = CoreDataForecastHelper.m; sourceTree = "<group>"; };
		2C7FED9E1896AC9900E4F508 /* ObservedCityChooserViewController.h */ = {isa = PBXFileReference; fileEncoding = 4; lastKnownFileType = sourcecode.c.h; path = ObservedCityChooserViewController.h; sourceTree = "<group>"; };
		2C7FED9F1896AC9900E4F508 /* ObservedCityChooserViewController.m */ = {isa = PBXFileReference; fileEncoding = 4; lastKnownFileType = sourcecode.c.objc; path = ObservedCityChooserViewController.m; sourceTree = "<group>"; };
		2C7FEDA21896B2FA00E4F508 /* WeatherConnectionDelegate.h */ = {isa = PBXFileReference; lastKnownFileType = sourcecode.c.h; path = WeatherConnectionDelegate.h; sourceTree = "<group>"; };
		2C7FEDA31896B30B00E4F508 /* WeatherConnectionHelper.h */ = {isa = PBXFileReference; fileEncoding = 4; lastKnownFileType = sourcecode.c.h; path = WeatherConnectionHelper.h; sourceTree = "<group>"; };
		2C7FEDA41896B30B00E4F508 /* WeatherConnectionHelper.m */ = {isa = PBXFileReference; fileEncoding = 4; lastKnownFileType = sourcecode.c.objc; path = WeatherConnectionHelper.m; sourceTree = "<group>"; };
		2C7FEDA61896C7EF00E4F508 /* Weather&Time.ttf */ = {isa = PBXFileReference; lastKnownFileType = file; path = "Weather&Time.ttf"; sourceTree = "<group>"; };
		2C7FEDA91896DBB400E4F508 /* ColorSelector.h */ = {isa = PBXFileReference; fileEncoding = 4; lastKnownFileType = sourcecode.c.h; path = ColorSelector.h; sourceTree = "<group>"; };
		2C7FEDAA1896DBB400E4F508 /* ColorSelector.m */ = {isa = PBXFileReference; fileEncoding = 4; lastKnownFileType = sourcecode.c.objc; path = ColorSelector.m; sourceTree = "<group>"; };
		2C894BAD1895286D006F2AD2 /* SunInfo.h */ = {isa = PBXFileReference; fileEncoding = 4; lastKnownFileType = sourcecode.c.h; path = SunInfo.h; sourceTree = "<group>"; };
		2C894BAE1895286D006F2AD2 /* SunInfo.m */ = {isa = PBXFileReference; fileEncoding = 4; lastKnownFileType = sourcecode.c.objc; path = SunInfo.m; sourceTree = "<group>"; };
		2C894BB01895424F006F2AD2 /* CoreDataSunInfoHelper.h */ = {isa = PBXFileReference; fileEncoding = 4; lastKnownFileType = sourcecode.c.h; path = CoreDataSunInfoHelper.h; sourceTree = "<group>"; };
		2C894BB11895424F006F2AD2 /* CoreDataSunInfoHelper.m */ = {isa = PBXFileReference; fileEncoding = 4; lastKnownFileType = sourcecode.c.objc; path = CoreDataSunInfoHelper.m; sourceTree = "<group>"; };
		2C894BB318954915006F2AD2 /* CoreDataWeatherConditions.h */ = {isa = PBXFileReference; fileEncoding = 4; lastKnownFileType = sourcecode.c.h; path = CoreDataWeatherConditions.h; sourceTree = "<group>"; };
		2C894BB418954915006F2AD2 /* CoreDataWeatherConditions.m */ = {isa = PBXFileReference; fileEncoding = 4; lastKnownFileType = sourcecode.c.objc; path = CoreDataWeatherConditions.m; sourceTree = "<group>"; };
		2C894BB618954B7A006F2AD2 /* CoreDataWindHelper.h */ = {isa = PBXFileReference; fileEncoding = 4; lastKnownFileType = sourcecode.c.h; path = CoreDataWindHelper.h; sourceTree = "<group>"; };
		2C894BB718954B7A006F2AD2 /* CoreDataWindHelper.m */ = {isa = PBXFileReference; fileEncoding = 4; lastKnownFileType = sourcecode.c.objc; path = CoreDataWindHelper.m; sourceTree = "<group>"; };
		2C894BBC189591F5006F2AD2 /* SWRevealViewController.h */ = {isa = PBXFileReference; fileEncoding = 4; lastKnownFileType = sourcecode.c.h; path = SWRevealViewController.h; sourceTree = "<group>"; };
		2C894BBD189591F5006F2AD2 /* SWRevealViewController.m */ = {isa = PBXFileReference; fileEncoding = 4; lastKnownFileType = sourcecode.c.objc; path = SWRevealViewController.m; sourceTree = "<group>"; };
		2C894BBF1895920D006F2AD2 /* reveal-icon.png */ = {isa = PBXFileReference; lastKnownFileType = image.png; path = "reveal-icon.png"; sourceTree = "<group>"; };
		2C894BC01895920D006F2AD2 /* reveal-icon@2x.png */ = {isa = PBXFileReference; lastKnownFileType = image.png; path = "reveal-icon@2x.png"; sourceTree = "<group>"; };
		2C894BC31895A00A006F2AD2 /* MenuViewController.h */ = {isa = PBXFileReference; fileEncoding = 4; lastKnownFileType = sourcecode.c.h; path = MenuViewController.h; sourceTree = "<group>"; };
		2C894BC41895A00A006F2AD2 /* MenuViewController.m */ = {isa = PBXFileReference; fileEncoding = 4; lastKnownFileType = sourcecode.c.objc; path = MenuViewController.m; sourceTree = "<group>"; };
		2CA20AE61891D1D400EC3151 /* Weather.app */ = {isa = PBXFileReference; explicitFileType = wrapper.application; includeInIndex = 0; path = Weather.app; sourceTree = BUILT_PRODUCTS_DIR; };
		2CA20AE91891D1D400EC3151 /* Foundation.framework */ = {isa = PBXFileReference; lastKnownFileType = wrapper.framework; name = Foundation.framework; path = System/Library/Frameworks/Foundation.framework; sourceTree = SDKROOT; };
		2CA20AEB1891D1D400EC3151 /* CoreGraphics.framework */ = {isa = PBXFileReference; lastKnownFileType = wrapper.framework; name = CoreGraphics.framework; path = System/Library/Frameworks/CoreGraphics.framework; sourceTree = SDKROOT; };
		2CA20AED1891D1D400EC3151 /* UIKit.framework */ = {isa = PBXFileReference; lastKnownFileType = wrapper.framework; name = UIKit.framework; path = System/Library/Frameworks/UIKit.framework; sourceTree = SDKROOT; };
		2CA20AEF1891D1D400EC3151 /* CoreData.framework */ = {isa = PBXFileReference; lastKnownFileType = wrapper.framework; name = CoreData.framework; path = System/Library/Frameworks/CoreData.framework; sourceTree = SDKROOT; };
		2CA20AF31891D1D400EC3151 /* Weather-Info.plist */ = {isa = PBXFileReference; lastKnownFileType = text.plist.xml; path = "Weather-Info.plist"; sourceTree = "<group>"; };
		2CA20AF51891D1D400EC3151 /* en */ = {isa = PBXFileReference; lastKnownFileType = text.plist.strings; name = en; path = en.lproj/InfoPlist.strings; sourceTree = "<group>"; };
		2CA20AF71891D1D400EC3151 /* main.m */ = {isa = PBXFileReference; lastKnownFileType = sourcecode.c.objc; path = main.m; sourceTree = "<group>"; };
		2CA20AF91891D1D400EC3151 /* Weather-Prefix.pch */ = {isa = PBXFileReference; lastKnownFileType = sourcecode.c.h; path = "Weather-Prefix.pch"; sourceTree = "<group>"; };
		2CA20AFA1891D1D400EC3151 /* AppDelegate.h */ = {isa = PBXFileReference; lastKnownFileType = sourcecode.c.h; path = AppDelegate.h; sourceTree = "<group>"; };
		2CA20AFB1891D1D400EC3151 /* AppDelegate.m */ = {isa = PBXFileReference; lastKnownFileType = sourcecode.c.objc; path = AppDelegate.m; sourceTree = "<group>"; };
		2CA20AFE1891D1D400EC3151 /* Weather.xcdatamodel */ = {isa = PBXFileReference; lastKnownFileType = wrapper.xcdatamodel; path = Weather.xcdatamodel; sourceTree = "<group>"; };
		2CA20B001891D1D400EC3151 /* Images.xcassets */ = {isa = PBXFileReference; lastKnownFileType = folder.assetcatalog; path = Images.xcassets; sourceTree = "<group>"; };
		2CA20B061891D1D400EC3151 /* WeatherTests.xctest */ = {isa = PBXFileReference; explicitFileType = wrapper.cfbundle; includeInIndex = 0; path = WeatherTests.xctest; sourceTree = BUILT_PRODUCTS_DIR; };
		2CA20B071891D1D400EC3151 /* XCTest.framework */ = {isa = PBXFileReference; lastKnownFileType = wrapper.framework; name = XCTest.framework; path = Library/Frameworks/XCTest.framework; sourceTree = DEVELOPER_DIR; };
		2CA20B101891D1D400EC3151 /* WeatherTests-Info.plist */ = {isa = PBXFileReference; lastKnownFileType = text.plist.xml; path = "WeatherTests-Info.plist"; sourceTree = "<group>"; };
		2CA20B121891D1D400EC3151 /* en */ = {isa = PBXFileReference; lastKnownFileType = text.plist.strings; name = en; path = en.lproj/InfoPlist.strings; sourceTree = "<group>"; };
		2CA20B141891D1D400EC3151 /* WeatherTests.m */ = {isa = PBXFileReference; lastKnownFileType = sourcecode.c.objc; path = WeatherTests.m; sourceTree = "<group>"; };
		2CA20B1E1891D21200EC3151 /* Storyboard.storyboard */ = {isa = PBXFileReference; fileEncoding = 4; lastKnownFileType = file.storyboard; path = Storyboard.storyboard; sourceTree = "<group>"; };
		2CC99BA51895B239002B014C /* UIColorPastelFactory.h */ = {isa = PBXFileReference; fileEncoding = 4; lastKnownFileType = sourcecode.c.h; path = UIColorPastelFactory.h; sourceTree = "<group>"; };
		2CC99BA61895B239002B014C /* UIColorPastelFactory.m */ = {isa = PBXFileReference; fileEncoding = 4; lastKnownFileType = sourcecode.c.objc; path = UIColorPastelFactory.m; sourceTree = "<group>"; };
/* End PBXFileReference section */

/* Begin PBXFrameworksBuildPhase section */
		2CA20AE31891D1D300EC3151 /* Frameworks */ = {
			isa = PBXFrameworksBuildPhase;
			buildActionMask = 2147483647;
			files = (
				2C6B4B7F18983A2E00676EBE /* CoreLocation.framework in Frameworks */,
				2CA20AEC1891D1D400EC3151 /* CoreGraphics.framework in Frameworks */,
				2CA20AF01891D1D400EC3151 /* CoreData.framework in Frameworks */,
				2CA20AEE1891D1D400EC3151 /* UIKit.framework in Frameworks */,
				2CA20AEA1891D1D400EC3151 /* Foundation.framework in Frameworks */,
			);
			runOnlyForDeploymentPostprocessing = 0;
		};
		2CA20B031891D1D400EC3151 /* Frameworks */ = {
			isa = PBXFrameworksBuildPhase;
			buildActionMask = 2147483647;
			files = (
				2CA20B081891D1D400EC3151 /* XCTest.framework in Frameworks */,
				2CA20B0B1891D1D400EC3151 /* CoreData.framework in Frameworks */,
				2CA20B0A1891D1D400EC3151 /* UIKit.framework in Frameworks */,
				2CA20B091891D1D400EC3151 /* Foundation.framework in Frameworks */,
			);
			runOnlyForDeploymentPostprocessing = 0;
		};
/* End PBXFrameworksBuildPhase section */

/* Begin PBXGroup section */
		2C09BCF6189BC40600207794 /* WeatherNow */ = {
			isa = PBXGroup;
			children = (
				2C498CCD18928EFF00868DA9 /* WeatherPagesViewController.h */,
				2C498CCE18928EFF00868DA9 /* WeatherPagesViewController.m */,
				2C498CD01892975E00868DA9 /* PageContentDataSource.h */,
				2C498CD11892975E00868DA9 /* PageContentDataSource.m */,
				2C54086D1893E0E400B7E383 /* WeatherViewController.h */,
				2C54086E1893E0E400B7E383 /* WeatherViewController.m */,
			);
			name = WeatherNow;
			sourceTree = "<group>";
		};
		2C09BCF7189BC44200207794 /* FindCity */ = {
			isa = PBXGroup;
			children = (
				2C7FED9E1896AC9900E4F508 /* ObservedCityChooserViewController.h */,
				2C7FED9F1896AC9900E4F508 /* ObservedCityChooserViewController.m */,
			);
			name = FindCity;
			sourceTree = "<group>";
		};
		2C09BCF8189BC46700207794 /* YourLocalization */ = {
			isa = PBXGroup;
			children = (
				2C6B4B7B189839E900676EBE /* YourLocalizationViewController.h */,
				2C6B4B7C189839E900676EBE /* YourLocalizationViewController.m */,
			);
			name = YourLocalization;
			sourceTree = "<group>";
		};
		2C09BCF9189BC47E00207794 /* Forecast */ = {
			isa = PBXGroup;
			children = (
				2C02E39F189AE78100C9341B /* ForecastChooserViewController.h */,
				2C02E3A0189AE78100C9341B /* ForecastChooserViewController.m */,
				2C09BCF3189BBC2800207794 /* WeatherForecastViewController.h */,
				2C09BCF4189BBC2800207794 /* WeatherForecastViewController.m */,
			);
			name = Forecast;
			sourceTree = "<group>";
		};
		2C09BCFA189BC49500207794 /* Menu */ = {
			isa = PBXGroup;
			children = (
				2C894BC31895A00A006F2AD2 /* MenuViewController.h */,
				2C894BC41895A00A006F2AD2 /* MenuViewController.m */,
			);
			name = Menu;
			sourceTree = "<group>";
		};
		2C3CE483189E5F0500A66A79 /* ResponseParser */ = {
			isa = PBXGroup;
			children = (
				2C3CE482189E5EAB00A66A79 /* ResponseParser.h */,
				2C3CE484189E5F1B00A66A79 /* ForecastParser.h */,
				2C3CE485189E5F1B00A66A79 /* ForecastParser.m */,
				2C3CE487189E5F9000A66A79 /* ExplicitParser.h */,
				2C3CE488189E5F9000A66A79 /* ExplicitParser.m */,
				2C3CE48A189E5FD700A66A79 /* LikeParser.h */,
				2C3CE48B189E5FD700A66A79 /* LikeParser.m */,
			);
			name = ResponseParser;
			sourceTree = "<group>";
		};
		2C498CD31892A69900868DA9 /* Images */ = {
			isa = PBXGroup;
			children = (
				2C894BBF1895920D006F2AD2 /* reveal-icon.png */,
				2C894BC01895920D006F2AD2 /* reveal-icon@2x.png */,
			);
			name = Images;
			sourceTree = "<group>";
		};
		2C540876189416E300B7E383 /* DataManagement */ = {
			isa = PBXGroup;
			children = (
				2C5408841894642E00B7E383 /* Helpers */,
				2C5408831894641F00B7E383 /* Containers */,
			);
			name = DataManagement;
			sourceTree = "<group>";
		};
		2C5408831894641F00B7E383 /* Containers */ = {
			isa = PBXGroup;
			children = (
				2C5408771894170700B7E383 /* ObservedCity.h */,
				2C5408781894170700B7E383 /* ObservedCity.m */,
				2C54087A189450D500B7E383 /* Weather.h */,
				2C54087B189450D500B7E383 /* Weather.m */,
				2C54087D189450E700B7E383 /* WeatherConditions.h */,
				2C54087E189450E700B7E383 /* WeatherConditions.m */,
				2C540880189450FC00B7E383 /* Wind.h */,
				2C540881189450FC00B7E383 /* Wind.m */,
				2C894BAD1895286D006F2AD2 /* SunInfo.h */,
				2C894BAE1895286D006F2AD2 /* SunInfo.m */,
				2C6CDE98189C1BA700B0CA81 /* Forecast.h */,
				2C6CDE99189C1BA700B0CA81 /* Forecast.m */,
			);
			name = Containers;
			sourceTree = "<group>";
		};
		2C5408841894642E00B7E383 /* Helpers */ = {
			isa = PBXGroup;
			children = (
				2C5408731894163900B7E383 /* CoreDataObservedCityHelper.h */,
				2C5408741894163900B7E383 /* CoreDataObservedCityHelper.m */,
				2C5408851894651900B7E383 /* CoreDataWeatherHelper.h */,
				2C5408861894651900B7E383 /* CoreDataWeatherHelper.m */,
				2C894BB01895424F006F2AD2 /* CoreDataSunInfoHelper.h */,
				2C894BB11895424F006F2AD2 /* CoreDataSunInfoHelper.m */,
				2C894BB318954915006F2AD2 /* CoreDataWeatherConditions.h */,
				2C894BB418954915006F2AD2 /* CoreDataWeatherConditions.m */,
				2C894BB618954B7A006F2AD2 /* CoreDataWindHelper.h */,
				2C894BB718954B7A006F2AD2 /* CoreDataWindHelper.m */,
				2C6CDE9B189C1DBA00B0CA81 /* CoreDataForecastHelper.h */,
				2C6CDE9C189C1DBA00B0CA81 /* CoreDataForecastHelper.m */,
			);
			name = Helpers;
			sourceTree = "<group>";
		};
		2C79D1EC189BB382003C83E2 /* iPad */ = {
			isa = PBXGroup;
			children = (
			);
			name = iPad;
			sourceTree = "<group>";
		};
		2C7FEDA11896B2A600E4F508 /* Network */ = {
			isa = PBXGroup;
			children = (
				2C3CE483189E5F0500A66A79 /* ResponseParser */,
				2C7FEDA21896B2FA00E4F508 /* WeatherConnectionDelegate.h */,
				2C7FEDA31896B30B00E4F508 /* WeatherConnectionHelper.h */,
				2C7FEDA41896B30B00E4F508 /* WeatherConnectionHelper.m */,
			);
			name = Network;
			sourceTree = "<group>";
		};
		2C894BBB189591A8006F2AD2 /* Library */ = {
			isa = PBXGroup;
			children = (
				2C894BBC189591F5006F2AD2 /* SWRevealViewController.h */,
				2C894BBD189591F5006F2AD2 /* SWRevealViewController.m */,
			);
			name = Library;
			sourceTree = "<group>";
		};
		2CA20ADD1891D1D300EC3151 = {
			isa = PBXGroup;
			children = (
				2CA20AF11891D1D400EC3151 /* Weather */,
				2CA20B0E1891D1D400EC3151 /* WeatherTests */,
				2CA20AE81891D1D400EC3151 /* Frameworks */,
				2CA20AE71891D1D400EC3151 /* Products */,
			);
			sourceTree = "<group>";
		};
		2CA20AE71891D1D400EC3151 /* Products */ = {
			isa = PBXGroup;
			children = (
				2CA20AE61891D1D400EC3151 /* Weather.app */,
				2CA20B061891D1D400EC3151 /* WeatherTests.xctest */,
			);
			name = Products;
			sourceTree = "<group>";
		};
		2CA20AE81891D1D400EC3151 /* Frameworks */ = {
			isa = PBXGroup;
			children = (
				2C6B4B7E18983A2E00676EBE /* CoreLocation.framework */,
				2CA20AE91891D1D400EC3151 /* Foundation.framework */,
				2CA20AEB1891D1D400EC3151 /* CoreGraphics.framework */,
				2CA20AED1891D1D400EC3151 /* UIKit.framework */,
				2CA20AEF1891D1D400EC3151 /* CoreData.framework */,
				2CA20B071891D1D400EC3151 /* XCTest.framework */,
			);
			name = Frameworks;
			sourceTree = "<group>";
		};
		2CA20AF11891D1D400EC3151 /* Weather */ = {
			isa = PBXGroup;
			children = (
				2C79D1EC189BB382003C83E2 /* iPad */,
				2CA20AFA1891D1D400EC3151 /* AppDelegate.h */,
				2CA20AFB1891D1D400EC3151 /* AppDelegate.m */,
				2CA20B001891D1D400EC3151 /* Images.xcassets */,
				2CA20AFD1891D1D400EC3151 /* Weather.xcdatamodeld */,
				2CA20AF21891D1D400EC3151 /* Supporting Files */,
				2CA20B1E1891D21200EC3151 /* Storyboard.storyboard */,
				2C540876189416E300B7E383 /* DataManagement */,
				2CC99BA81895B243002B014C /* Colors */,
				2C7FEDA11896B2A600E4F508 /* Network */,
				2C09BCF6189BC40600207794 /* WeatherNow */,
				2C09BCFA189BC49500207794 /* Menu */,
				2C09BCF7189BC44200207794 /* FindCity */,
				2C09BCF8189BC46700207794 /* YourLocalization */,
				2C09BCF9189BC47E00207794 /* Forecast */,
			);
			path = Weather;
			sourceTree = "<group>";
		};
		2CA20AF21891D1D400EC3151 /* Supporting Files */ = {
			isa = PBXGroup;
			children = (
				2C894BBB189591A8006F2AD2 /* Library */,
				2C498CD31892A69900868DA9 /* Images */,
				2CA20AF31891D1D400EC3151 /* Weather-Info.plist */,
				2C7FEDA61896C7EF00E4F508 /* Weather&Time.ttf */,
				2CA20AF41891D1D400EC3151 /* InfoPlist.strings */,
				2CA20AF71891D1D400EC3151 /* main.m */,
				2CA20AF91891D1D400EC3151 /* Weather-Prefix.pch */,
				2C6B4B8218985CFF00676EBE /* Weather-night-images.plist */,
				2C6B4B8018985BF400676EBE /* Weather-day-images.plist */,
			);
			name = "Supporting Files";
			sourceTree = "<group>";
		};
		2CA20B0E1891D1D400EC3151 /* WeatherTests */ = {
			isa = PBXGroup;
			children = (
				2CA20B141891D1D400EC3151 /* WeatherTests.m */,
				2CA20B0F1891D1D400EC3151 /* Supporting Files */,
			);
			path = WeatherTests;
			sourceTree = "<group>";
		};
		2CA20B0F1891D1D400EC3151 /* Supporting Files */ = {
			isa = PBXGroup;
			children = (
				2CA20B101891D1D400EC3151 /* WeatherTests-Info.plist */,
				2CA20B111891D1D400EC3151 /* InfoPlist.strings */,
			);
			name = "Supporting Files";
			sourceTree = "<group>";
		};
		2CC99BA81895B243002B014C /* Colors */ = {
			isa = PBXGroup;
			children = (
				2CC99BA51895B239002B014C /* UIColorPastelFactory.h */,
				2CC99BA61895B239002B014C /* UIColorPastelFactory.m */,
				2C7FEDA91896DBB400E4F508 /* ColorSelector.h */,
				2C7FEDAA1896DBB400E4F508 /* ColorSelector.m */,
			);
			name = Colors;
			sourceTree = "<group>";
		};
/* End PBXGroup section */

/* Begin PBXNativeTarget section */
		2CA20AE51891D1D300EC3151 /* Weather */ = {
			isa = PBXNativeTarget;
			buildConfigurationList = 2CA20B181891D1D400EC3151 /* Build configuration list for PBXNativeTarget "Weather" */;
			buildPhases = (
				2CA20AE21891D1D300EC3151 /* Sources */,
				2CA20AE31891D1D300EC3151 /* Frameworks */,
				2CA20AE41891D1D300EC3151 /* Resources */,
			);
			buildRules = (
			);
			dependencies = (
			);
			name = Weather;
			productName = Weather;
			productReference = 2CA20AE61891D1D400EC3151 /* Weather.app */;
			productType = "com.apple.product-type.application";
		};
		2CA20B051891D1D400EC3151 /* WeatherTests */ = {
			isa = PBXNativeTarget;
			buildConfigurationList = 2CA20B1B1891D1D400EC3151 /* Build configuration list for PBXNativeTarget "WeatherTests" */;
			buildPhases = (
				2CA20B021891D1D400EC3151 /* Sources */,
				2CA20B031891D1D400EC3151 /* Frameworks */,
				2CA20B041891D1D400EC3151 /* Resources */,
			);
			buildRules = (
			);
			dependencies = (
				2CA20B0D1891D1D400EC3151 /* PBXTargetDependency */,
			);
			name = WeatherTests;
			productName = WeatherTests;
			productReference = 2CA20B061891D1D400EC3151 /* WeatherTests.xctest */;
			productType = "com.apple.product-type.bundle.unit-test";
		};
/* End PBXNativeTarget section */

/* Begin PBXProject section */
		2CA20ADE1891D1D300EC3151 /* Project object */ = {
			isa = PBXProject;
			attributes = {
				LastUpgradeCheck = 0500;
				ORGANIZATIONNAME = "Bartłomiej Oziębło";
				TargetAttributes = {
					2CA20B051891D1D400EC3151 = {
						TestTargetID = 2CA20AE51891D1D300EC3151;
					};
				};
			};
			buildConfigurationList = 2CA20AE11891D1D300EC3151 /* Build configuration list for PBXProject "Weather" */;
			compatibilityVersion = "Xcode 3.2";
			developmentRegion = English;
			hasScannedForEncodings = 0;
			knownRegions = (
				en,
			);
			mainGroup = 2CA20ADD1891D1D300EC3151;
			productRefGroup = 2CA20AE71891D1D400EC3151 /* Products */;
			projectDirPath = "";
			projectRoot = "";
			targets = (
				2CA20AE51891D1D300EC3151 /* Weather */,
				2CA20B051891D1D400EC3151 /* WeatherTests */,
			);
		};
/* End PBXProject section */

/* Begin PBXResourcesBuildPhase section */
		2CA20AE41891D1D300EC3151 /* Resources */ = {
			isa = PBXResourcesBuildPhase;
			buildActionMask = 2147483647;
			files = (
				2C7FEDA81896CDEC00E4F508 /* Weather&Time.ttf in Resources */,
				2CA20AF61891D1D400EC3151 /* InfoPlist.strings in Resources */,
				2CA20B011891D1D400EC3151 /* Images.xcassets in Resources */,
				2C894BC21895920D006F2AD2 /* reveal-icon@2x.png in Resources */,
				2C6B4B8318985CFF00676EBE /* Weather-night-images.plist in Resources */,
				2C894BC11895920D006F2AD2 /* reveal-icon.png in Resources */,
				2C6B4B8118985BF400676EBE /* Weather-day-images.plist in Resources */,
				2CA20B1F1891D21200EC3151 /* Storyboard.storyboard in Resources */,
			);
			runOnlyForDeploymentPostprocessing = 0;
		};
		2CA20B041891D1D400EC3151 /* Resources */ = {
			isa = PBXResourcesBuildPhase;
			buildActionMask = 2147483647;
			files = (
				2CA20B131891D1D400EC3151 /* InfoPlist.strings in Resources */,
			);
			runOnlyForDeploymentPostprocessing = 0;
		};
/* End PBXResourcesBuildPhase section */

/* Begin PBXSourcesBuildPhase section */
		2CA20AE21891D1D300EC3151 /* Sources */ = {
			isa = PBXSourcesBuildPhase;
			buildActionMask = 2147483647;
			files = (
				2C3CE489189E5F9000A66A79 /* ExplicitParser.m in Sources */,
				2C7FEDA01896AC9900E4F508 /* ObservedCityChooserViewController.m in Sources */,
				2CA20AFF1891D1D400EC3151 /* Weather.xcdatamodeld in Sources */,
				2C09BCF5189BBC2800207794 /* WeatherForecastViewController.m in Sources */,
				2C894BAF1895286E006F2AD2 /* SunInfo.m in Sources */,
				2C894BB518954915006F2AD2 /* CoreDataWeatherConditions.m in Sources */,
				2C6B4B7D189839E900676EBE /* YourLocalizationViewController.m in Sources */,
				2C498CD21892975E00868DA9 /* PageContentDataSource.m in Sources */,
				2C894BC51895A00A006F2AD2 /* MenuViewController.m in Sources */,
				2C54086F1893E0E400B7E383 /* WeatherViewController.m in Sources */,
				2C894BBE189591F5006F2AD2 /* SWRevealViewController.m in Sources */,
				2C54087F189450E700B7E383 /* WeatherConditions.m in Sources */,
				2C3CE486189E5F1B00A66A79 /* ForecastParser.m in Sources */,
				2C894BB818954B7A006F2AD2 /* CoreDataWindHelper.m in Sources */,
				2C02E3A1189AE78100C9341B /* ForecastChooserViewController.m in Sources */,
				2C3CE48C189E5FD700A66A79 /* LikeParser.m in Sources */,
				2C6CDE9A189C1BA700B0CA81 /* Forecast.m in Sources */,
				2C6CDE9D189C1DBA00B0CA81 /* CoreDataForecastHelper.m in Sources */,
				2C894BB21895424F006F2AD2 /* CoreDataSunInfoHelper.m in Sources */,
				2CA20AFC1891D1D400EC3151 /* AppDelegate.m in Sources */,
				2CA20AF81891D1D400EC3151 /* main.m in Sources */,
				2C540882189450FC00B7E383 /* Wind.m in Sources */,
				2C54087C189450D500B7E383 /* Weather.m in Sources */,
				2C5408871894651900B7E383 /* CoreDataWeatherHelper.m in Sources */,
				2CC99BA71895B239002B014C /* UIColorPastelFactory.m in Sources */,
				2C5408791894170700B7E383 /* ObservedCity.m in Sources */,
				2C7FEDAB1896DBB400E4F508 /* ColorSelector.m in Sources */,
				2C5408751894163900B7E383 /* CoreDataObservedCityHelper.m in Sources */,
				2C7FEDA51896B30B00E4F508 /* WeatherConnectionHelper.m in Sources */,
				2C498CCF18928EFF00868DA9 /* WeatherPagesViewController.m in Sources */,
			);
			runOnlyForDeploymentPostprocessing = 0;
		};
		2CA20B021891D1D400EC3151 /* Sources */ = {
			isa = PBXSourcesBuildPhase;
			buildActionMask = 2147483647;
			files = (
				2CA20B151891D1D400EC3151 /* WeatherTests.m in Sources */,
			);
			runOnlyForDeploymentPostprocessing = 0;
		};
/* End PBXSourcesBuildPhase section */

/* Begin PBXTargetDependency section */
		2CA20B0D1891D1D400EC3151 /* PBXTargetDependency */ = {
			isa = PBXTargetDependency;
			target = 2CA20AE51891D1D300EC3151 /* Weather */;
			targetProxy = 2CA20B0C1891D1D400EC3151 /* PBXContainerItemProxy */;
		};
/* End PBXTargetDependency section */

/* Begin PBXVariantGroup section */
		2CA20AF41891D1D400EC3151 /* InfoPlist.strings */ = {
			isa = PBXVariantGroup;
			children = (
				2CA20AF51891D1D400EC3151 /* en */,
			);
			name = InfoPlist.strings;
			sourceTree = "<group>";
		};
		2CA20B111891D1D400EC3151 /* InfoPlist.strings */ = {
			isa = PBXVariantGroup;
			children = (
				2CA20B121891D1D400EC3151 /* en */,
			);
			name = InfoPlist.strings;
			sourceTree = "<group>";
		};
/* End PBXVariantGroup section */

/* Begin XCBuildConfiguration section */
		2CA20B161891D1D400EC3151 /* Debug */ = {
			isa = XCBuildConfiguration;
			buildSettings = {
				ALWAYS_SEARCH_USER_PATHS = NO;
				ARCHS = "$(ARCHS_STANDARD_INCLUDING_64_BIT)";
				CLANG_CXX_LANGUAGE_STANDARD = "gnu++0x";
				CLANG_CXX_LIBRARY = "libc++";
				CLANG_ENABLE_MODULES = YES;
				CLANG_ENABLE_OBJC_ARC = YES;
				CLANG_WARN_BOOL_CONVERSION = YES;
				CLANG_WARN_CONSTANT_CONVERSION = YES;
				CLANG_WARN_DIRECT_OBJC_ISA_USAGE = YES_ERROR;
				CLANG_WARN_EMPTY_BODY = YES;
				CLANG_WARN_ENUM_CONVERSION = YES;
				CLANG_WARN_INT_CONVERSION = YES;
				CLANG_WARN_OBJC_ROOT_CLASS = YES_ERROR;
				CLANG_WARN__DUPLICATE_METHOD_MATCH = YES;
				"CODE_SIGN_IDENTITY[sdk=iphoneos*]" = "iPhone Developer";
				COPY_PHASE_STRIP = NO;
				GCC_C_LANGUAGE_STANDARD = gnu99;
				GCC_DYNAMIC_NO_PIC = NO;
				GCC_OPTIMIZATION_LEVEL = 0;
				GCC_PREPROCESSOR_DEFINITIONS = (
					"DEBUG=1",
					"$(inherited)",
				);
				GCC_SYMBOLS_PRIVATE_EXTERN = NO;
				GCC_WARN_64_TO_32_BIT_CONVERSION = YES;
				GCC_WARN_ABOUT_RETURN_TYPE = YES_ERROR;
				GCC_WARN_UNDECLARED_SELECTOR = YES;
				GCC_WARN_UNINITIALIZED_AUTOS = YES;
				GCC_WARN_UNUSED_FUNCTION = YES;
				GCC_WARN_UNUSED_VARIABLE = YES;
				IPHONEOS_DEPLOYMENT_TARGET = 7.0;
				ONLY_ACTIVE_ARCH = YES;
				SDKROOT = iphoneos;
			};
			name = Debug;
		};
		2CA20B171891D1D400EC3151 /* Release */ = {
			isa = XCBuildConfiguration;
			buildSettings = {
				ALWAYS_SEARCH_USER_PATHS = NO;
				ARCHS = "$(ARCHS_STANDARD_INCLUDING_64_BIT)";
				CLANG_CXX_LANGUAGE_STANDARD = "gnu++0x";
				CLANG_CXX_LIBRARY = "libc++";
				CLANG_ENABLE_MODULES = YES;
				CLANG_ENABLE_OBJC_ARC = YES;
				CLANG_WARN_BOOL_CONVERSION = YES;
				CLANG_WARN_CONSTANT_CONVERSION = YES;
				CLANG_WARN_DIRECT_OBJC_ISA_USAGE = YES_ERROR;
				CLANG_WARN_EMPTY_BODY = YES;
				CLANG_WARN_ENUM_CONVERSION = YES;
				CLANG_WARN_INT_CONVERSION = YES;
				CLANG_WARN_OBJC_ROOT_CLASS = YES_ERROR;
				CLANG_WARN__DUPLICATE_METHOD_MATCH = YES;
				"CODE_SIGN_IDENTITY[sdk=iphoneos*]" = "iPhone Developer";
				COPY_PHASE_STRIP = YES;
				ENABLE_NS_ASSERTIONS = NO;
				GCC_C_LANGUAGE_STANDARD = gnu99;
				GCC_WARN_64_TO_32_BIT_CONVERSION = YES;
				GCC_WARN_ABOUT_RETURN_TYPE = YES_ERROR;
				GCC_WARN_UNDECLARED_SELECTOR = YES;
				GCC_WARN_UNINITIALIZED_AUTOS = YES;
				GCC_WARN_UNUSED_FUNCTION = YES;
				GCC_WARN_UNUSED_VARIABLE = YES;
				IPHONEOS_DEPLOYMENT_TARGET = 7.0;
				SDKROOT = iphoneos;
				VALIDATE_PRODUCT = YES;
			};
			name = Release;
		};
		2CA20B191891D1D400EC3151 /* Debug */ = {
			isa = XCBuildConfiguration;
			buildSettings = {
				ASSETCATALOG_COMPILER_APPICON_NAME = AppIcon;
				ASSETCATALOG_COMPILER_LAUNCHIMAGE_NAME = LaunchImage;
				GCC_PRECOMPILE_PREFIX_HEADER = YES;
				GCC_PREFIX_HEADER = "Weather/Weather-Prefix.pch";
				INFOPLIST_FILE = "Weather/Weather-Info.plist";
				IPHONEOS_DEPLOYMENT_TARGET = 7.0;
				PRODUCT_NAME = "$(TARGET_NAME)";
				TARGETED_DEVICE_FAMILY = 1;
				WRAPPER_EXTENSION = app;
			};
			name = Debug;
		};
		2CA20B1A1891D1D400EC3151 /* Release */ = {
			isa = XCBuildConfiguration;
			buildSettings = {
				ASSETCATALOG_COMPILER_APPICON_NAME = AppIcon;
				ASSETCATALOG_COMPILER_LAUNCHIMAGE_NAME = LaunchImage;
				GCC_PRECOMPILE_PREFIX_HEADER = YES;
				GCC_PREFIX_HEADER = "Weather/Weather-Prefix.pch";
				INFOPLIST_FILE = "Weather/Weather-Info.plist";
				IPHONEOS_DEPLOYMENT_TARGET = 7.0;
				PRODUCT_NAME = "$(TARGET_NAME)";
				TARGETED_DEVICE_FAMILY = 1;
				WRAPPER_EXTENSION = app;
			};
			name = Release;
		};
		2CA20B1C1891D1D400EC3151 /* Debug */ = {
			isa = XCBuildConfiguration;
			buildSettings = {
				ARCHS = "$(ARCHS_STANDARD_INCLUDING_64_BIT)";
				BUNDLE_LOADER = "$(BUILT_PRODUCTS_DIR)/Weather.app/Weather";
				FRAMEWORK_SEARCH_PATHS = (
					"$(SDKROOT)/Developer/Library/Frameworks",
					"$(inherited)",
					"$(DEVELOPER_FRAMEWORKS_DIR)",
				);
				GCC_PRECOMPILE_PREFIX_HEADER = YES;
				GCC_PREFIX_HEADER = "Weather/Weather-Prefix.pch";
				GCC_PREPROCESSOR_DEFINITIONS = (
					"DEBUG=1",
					"$(inherited)",
				);
				INFOPLIST_FILE = "WeatherTests/WeatherTests-Info.plist";
				PRODUCT_NAME = "$(TARGET_NAME)";
				TEST_HOST = "$(BUNDLE_LOADER)";
				WRAPPER_EXTENSION = xctest;
			};
			name = Debug;
		};
		2CA20B1D1891D1D400EC3151 /* Release */ = {
			isa = XCBuildConfiguration;
			buildSettings = {
				ARCHS = "$(ARCHS_STANDARD_INCLUDING_64_BIT)";
				BUNDLE_LOADER = "$(BUILT_PRODUCTS_DIR)/Weather.app/Weather";
				FRAMEWORK_SEARCH_PATHS = (
					"$(SDKROOT)/Developer/Library/Frameworks",
					"$(inherited)",
					"$(DEVELOPER_FRAMEWORKS_DIR)",
				);
				GCC_PRECOMPILE_PREFIX_HEADER = YES;
				GCC_PREFIX_HEADER = "Weather/Weather-Prefix.pch";
				INFOPLIST_FILE = "WeatherTests/WeatherTests-Info.plist";
				PRODUCT_NAME = "$(TARGET_NAME)";
				TEST_HOST = "$(BUNDLE_LOADER)";
				WRAPPER_EXTENSION = xctest;
			};
			name = Release;
		};
/* End XCBuildConfiguration section */

/* Begin XCConfigurationList section */
		2CA20AE11891D1D300EC3151 /* Build configuration list for PBXProject "Weather" */ = {
			isa = XCConfigurationList;
			buildConfigurations = (
				2CA20B161891D1D400EC3151 /* Debug */,
				2CA20B171891D1D400EC3151 /* Release */,
			);
			defaultConfigurationIsVisible = 0;
			defaultConfigurationName = Release;
		};
		2CA20B181891D1D400EC3151 /* Build configuration list for PBXNativeTarget "Weather" */ = {
			isa = XCConfigurationList;
			buildConfigurations = (
				2CA20B191891D1D400EC3151 /* Debug */,
				2CA20B1A1891D1D400EC3151 /* Release */,
			);
			defaultConfigurationIsVisible = 0;
			defaultConfigurationName = Release;
		};
		2CA20B1B1891D1D400EC3151 /* Build configuration list for PBXNativeTarget "WeatherTests" */ = {
			isa = XCConfigurationList;
			buildConfigurations = (
				2CA20B1C1891D1D400EC3151 /* Debug */,
				2CA20B1D1891D1D400EC3151 /* Release */,
			);
			defaultConfigurationIsVisible = 0;
			defaultConfigurationName = Release;
		};
/* End XCConfigurationList section */

/* Begin XCVersionGroup section */
		2CA20AFD1891D1D400EC3151 /* Weather.xcdatamodeld */ = {
			isa = XCVersionGroup;
			children = (
				2CA20AFE1891D1D400EC3151 /* Weather.xcdatamodel */,
			);
			currentVersion = 2CA20AFE1891D1D400EC3151 /* Weather.xcdatamodel */;
			path = Weather.xcdatamodeld;
			sourceTree = "<group>";
			versionGroupType = wrapper.xcdatamodel;
		};
/* End XCVersionGroup section */
	};
	rootObject = 2CA20ADE1891D1D300EC3151 /* Project object */;
}
